
Microsoft Visual Studio Solution File, Format Version 12.00
# Visual Studio Version 17
VisualStudioVersion = 17.5.002.0
MinimumVisualStudioVersion = 10.0.40219.1
Project("{9A19103F-16F7-4668-BE54-9A1E7A4F7556}") = "DIO.Series", "DIO.Series.csproj", "{A0045605-094C-443C-A20A-7C78AAE24C1D}"
EndProject
Global
	GlobalSection(SolutionConfigurationPlatforms) = preSolution
		Debug|Any CPU = Debug|Any CPU
		Release|Any CPU = Release|Any CPU
	EndGlobalSection
	GlobalSection(ProjectConfigurationPlatforms) = postSolution
		{A0045605-094C-443C-A20A-7C78AAE24C1D}.Debug|Any CPU.ActiveCfg = Debug|Any CPU
		{A0045605-094C-443C-A20A-7C78AAE24C1D}.Debug|Any CPU.Build.0 = Debug|Any CPU
		{A0045605-094C-443C-A20A-7C78AAE24C1D}.Release|Any CPU.ActiveCfg = Release|Any CPU
		{A0045605-094C-443C-A20A-7C78AAE24C1D}.Release|Any CPU.Build.0 = Release|Any CPU
	EndGlobalSection
	GlobalSection(SolutionProperties) = preSolution
		HideSolutionNode = FALSE
	EndGlobalSection
	GlobalSection(ExtensibilityGlobals) = postSolution
		SolutionGuid = {072F4966-41DD-4BB7-AAF7-39F8BD5BACCC}
	EndGlobalSection
EndGlobal
